
Microsoft Visual Studio Solution File, Format Version 12.00
# Visual Studio Version 16
VisualStudioVersion = 16.0.31729.503
MinimumVisualStudioVersion = 10.0.40219.1
Project("{8BC9CEB8-8B4A-11D0-8D11-00A0C91BC942}") = "Zadatak1", "Zadatak1\Zadatak1.vcxproj", "{9433405D-C01F-40B0-9980-6C588C46C4A9}"
EndProject
Project("{8BC9CEB8-8B4A-11D0-8D11-00A0C91BC942}") = "Zadatak2", "Zadatak2\Zadatak2.vcxproj", "{3E9DAD52-57CB-4106-A321-33E3402A7EDA}"
EndProject
Global
	GlobalSection(SolutionConfigurationPlatforms) = preSolution
		Debug|x64 = Debug|x64
		Debug|x86 = Debug|x86
		Release|x64 = Release|x64
		Release|x86 = Release|x86
	EndGlobalSection
	GlobalSection(ProjectConfigurationPlatforms) = postSolution
		{9433405D-C01F-40B0-9980-6C588C46C4A9}.Debug|x64.ActiveCfg = Debug|x64
		{9433405D-C01F-40B0-9980-6C588C46C4A9}.Debug|x64.Build.0 = Debug|x64
		{9433405D-C01F-40B0-9980-6C588C46C4A9}.Debug|x86.ActiveCfg = Debug|Win32
		{9433405D-C01F-40B0-9980-6C588C46C4A9}.Debug|x86.Build.0 = Debug|Win32
		{9433405D-C01F-40B0-9980-6C588C46C4A9}.Release|x64.ActiveCfg = Release|x64
		{9433405D-C01F-40B0-9980-6C588C46C4A9}.Release|x64.Build.0 = Release|x64
		{9433405D-C01F-40B0-9980-6C588C46C4A9}.Release|x86.ActiveCfg = Release|Win32
		{9433405D-C01F-40B0-9980-6C588C46C4A9}.Release|x86.Build.0 = Release|Win32
		{3E9DAD52-57CB-4106-A321-33E3402A7EDA}.Debug|x64.ActiveCfg = Debug|x64
		{3E9DAD52-57CB-4106-A321-33E3402A7EDA}.Debug|x64.Build.0 = Debug|x64
		{3E9DAD52-57CB-4106-A321-33E3402A7EDA}.Debug|x86.ActiveCfg = Debug|Win32
		{3E9DAD52-57CB-4106-A321-33E3402A7EDA}.Debug|x86.Build.0 = Debug|Win32
		{3E9DAD52-57CB-4106-A321-33E3402A7EDA}.Release|x64.ActiveCfg = Release|x64
		{3E9DAD52-57CB-4106-A321-33E3402A7EDA}.Release|x64.Build.0 = Release|x64
		{3E9DAD52-57CB-4106-A321-33E3402A7EDA}.Release|x86.ActiveCfg = Release|Win32
		{3E9DAD52-57CB-4106-A321-33E3402A7EDA}.Release|x86.Build.0 = Release|Win32
	EndGlobalSection
	GlobalSection(SolutionProperties) = preSolution
		HideSolutionNode = FALSE
	EndGlobalSection
	GlobalSection(ExtensibilityGlobals) = postSolution
		SolutionGuid = {9573A24F-C3C4-41D4-AA2C-65B8B4D4DFED}
	EndGlobalSection
EndGlobal
